// !$*UTF8*$!
{
	archiveVersion = 1;
	classes = {
	};
	objectVersion = 50;
	objects = {

/* Begin PBXBuildFile section */
		F57701F1262B5B7D00F0D2C3 /* SettingsView.swift in Sources */ = {isa = PBXBuildFile; fileRef = F57701F0262B5B7D00F0D2C3 /* SettingsView.swift */; };
		F5827F4C2616A04300ACD500 /* Flashzilla_swiftApp.swift in Sources */ = {isa = PBXBuildFile; fileRef = F5827F4B2616A04300ACD500 /* Flashzilla_swiftApp.swift */; };
		F5827F4E2616A04300ACD500 /* ContentView.swift in Sources */ = {isa = PBXBuildFile; fileRef = F5827F4D2616A04300ACD500 /* ContentView.swift */; };
		F5827F502616A04E00ACD500 /* Assets.xcassets in Resources */ = {isa = PBXBuildFile; fileRef = F5827F4F2616A04E00ACD500 /* Assets.xcassets */; };
		F5827F532616A04E00ACD500 /* Preview Assets.xcassets in Resources */ = {isa = PBXBuildFile; fileRef = F5827F522616A04E00ACD500 /* Preview Assets.xcassets */; };
		F5827F552616A04E00ACD500 /* Persistence.swift in Sources */ = {isa = PBXBuildFile; fileRef = F5827F542616A04E00ACD500 /* Persistence.swift */; };
		F5827F582616A04E00ACD500 /* Flashzilla_swift.xcdatamodeld in Sources */ = {isa = PBXBuildFile; fileRef = F5827F562616A04E00ACD500 /* Flashzilla_swift.xcdatamodeld */; };
		F5827F612617677E00ACD500 /* Card.swift in Sources */ = {isa = PBXBuildFile; fileRef = F5827F602617677E00ACD500 /* Card.swift */; };
		F5827F64261767C300ACD500 /* CardView.swift in Sources */ = {isa = PBXBuildFile; fileRef = F5827F63261767C300ACD500 /* CardView.swift */; };
		F5827F67261BE99C00ACD500 /* EditCards.swift in Sources */ = {isa = PBXBuildFile; fileRef = F5827F66261BE99C00ACD500 /* EditCards.swift */; };
/* End PBXBuildFile section */

/* Begin PBXFileReference section */
		F57701F0262B5B7D00F0D2C3 /* SettingsView.swift */ = {isa = PBXFileReference; lastKnownFileType = sourcecode.swift; path = SettingsView.swift; sourceTree = "<group>"; };
		F5827F482616A04300ACD500 /* Flashzilla.swift.app */ = {isa = PBXFileReference; explicitFileType = wrapper.application; includeInIndex = 0; path = Flashzilla.swift.app; sourceTree = BUILT_PRODUCTS_DIR; };
		F5827F4B2616A04300ACD500 /* Flashzilla_swiftApp.swift */ = {isa = PBXFileReference; lastKnownFileType = sourcecode.swift; path = Flashzilla_swiftApp.swift; sourceTree = "<group>"; };
		F5827F4D2616A04300ACD500 /* ContentView.swift */ = {isa = PBXFileReference; lastKnownFileType = sourcecode.swift; path = ContentView.swift; sourceTree = "<group>"; };
		F5827F4F2616A04E00ACD500 /* Assets.xcassets */ = {isa = PBXFileReference; lastKnownFileType = folder.assetcatalog; path = Assets.xcassets; sourceTree = "<group>"; };
		F5827F522616A04E00ACD500 /* Preview Assets.xcassets */ = {isa = PBXFileReference; lastKnownFileType = folder.assetcatalog; path = "Preview Assets.xcassets"; sourceTree = "<group>"; };
		F5827F542616A04E00ACD500 /* Persistence.swift */ = {isa = PBXFileReference; lastKnownFileType = sourcecode.swift; path = Persistence.swift; sourceTree = "<group>"; };
		F5827F572616A04E00ACD500 /* Flashzilla_swift.xcdatamodel */ = {isa = PBXFileReference; lastKnownFileType = wrapper.xcdatamodel; path = Flashzilla_swift.xcdatamodel; sourceTree = "<group>"; };
		F5827F592616A04F00ACD500 /* Info.plist */ = {isa = PBXFileReference; lastKnownFileType = text.plist.xml; path = Info.plist; sourceTree = "<group>"; };
		F5827F602617677E00ACD500 /* Card.swift */ = {isa = PBXFileReference; lastKnownFileType = sourcecode.swift; path = Card.swift; sourceTree = "<group>"; };
		F5827F63261767C300ACD500 /* CardView.swift */ = {isa = PBXFileReference; lastKnownFileType = sourcecode.swift; path = CardView.swift; sourceTree = "<group>"; };
		F5827F66261BE99C00ACD500 /* EditCards.swift */ = {isa = PBXFileReference; lastKnownFileType = sourcecode.swift; path = EditCards.swift; sourceTree = "<group>"; };
/* End PBXFileReference section */

/* Begin PBXFrameworksBuildPhase section */
		F5827F452616A04300ACD500 /* Frameworks */ = {
			isa = PBXFrameworksBuildPhase;
			buildActionMask = 2147483647;
			files = (
			);
			runOnlyForDeploymentPostprocessing = 0;
		};
/* End PBXFrameworksBuildPhase section */

/* Begin PBXGroup section */
		F5827F3F2616A04200ACD500 = {
			isa = PBXGroup;
			children = (
				F5827F4A2616A04300ACD500 /* Flashzilla.swift */,
				F5827F492616A04300ACD500 /* Products */,
			);
			sourceTree = "<group>";
		};
		F5827F492616A04300ACD500 /* Products */ = {
			isa = PBXGroup;
			children = (
				F5827F482616A04300ACD500 /* Flashzilla.swift.app */,
			);
			name = Products;
			sourceTree = "<group>";
		};
		F5827F4A2616A04300ACD500 /* Flashzilla.swift */ = {
			isa = PBXGroup;
			children = (
				F5827F4B2616A04300ACD500 /* Flashzilla_swiftApp.swift */,
				F5827F4D2616A04300ACD500 /* ContentView.swift */,
				F57701F0262B5B7D00F0D2C3 /* SettingsView.swift */,
				F5827F602617677E00ACD500 /* Card.swift */,
				F5827F66261BE99C00ACD500 /* EditCards.swift */,
				F5827F63261767C300ACD500 /* CardView.swift */,
				F5827F4F2616A04E00ACD500 /* Assets.xcassets */,
				F5827F542616A04E00ACD500 /* Persistence.swift */,
				F5827F592616A04F00ACD500 /* Info.plist */,
				F5827F562616A04E00ACD500 /* Flashzilla_swift.xcdatamodeld */,
				F5827F512616A04E00ACD500 /* Preview Content */,
			);
			path = Flashzilla.swift;
			sourceTree = "<group>";
		};
		F5827F512616A04E00ACD500 /* Preview Content */ = {
			isa = PBXGroup;
			children = (
				F5827F522616A04E00ACD500 /* Preview Assets.xcassets */,
			);
			path = "Preview Content";
			sourceTree = "<group>";
		};
/* End PBXGroup section */

/* Begin PBXNativeTarget section */
		F5827F472616A04300ACD500 /* Flashzilla.swift */ = {
			isa = PBXNativeTarget;
			buildConfigurationList = F5827F5C2616A04F00ACD500 /* Build configuration list for PBXNativeTarget "Flashzilla.swift" */;
			buildPhases = (
				F5827F442616A04300ACD500 /* Sources */,
				F5827F452616A04300ACD500 /* Frameworks */,
				F5827F462616A04300ACD500 /* Resources */,
			);
			buildRules = (
			);
			dependencies = (
			);
			name = Flashzilla.swift;
			productName = Flashzilla.swift;
			productReference = F5827F482616A04300ACD500 /* Flashzilla.swift.app */;
			productType = "com.apple.product-type.application";
		};
/* End PBXNativeTarget section */

/* Begin PBXProject section */
		F5827F402616A04200ACD500 /* Project object */ = {
			isa = PBXProject;
			attributes = {
				LastSwiftUpdateCheck = 1240;
				LastUpgradeCheck = 1240;
				TargetAttributes = {
					F5827F472616A04300ACD500 = {
						CreatedOnToolsVersion = 12.4;
					};
				};
			};
			buildConfigurationList = F5827F432616A04300ACD500 /* Build configuration list for PBXProject "Flashzilla.swift" */;
			compatibilityVersion = "Xcode 9.3";
			developmentRegion = en;
			hasScannedForEncodings = 0;
			knownRegions = (
				en,
				Base,
			);
			mainGroup = F5827F3F2616A04200ACD500;
			productRefGroup = F5827F492616A04300ACD500 /* Products */;
			projectDirPath = "";
			projectRoot = "";
			targets = (
				F5827F472616A04300ACD500 /* Flashzilla.swift */,
			);
		};
/* End PBXProject section */

/* Begin PBXResourcesBuildPhase section */
		F5827F462616A04300ACD500 /* Resources */ = {
			isa = PBXResourcesBuildPhase;
			buildActionMask = 2147483647;
			files = (
				F5827F532616A04E00ACD500 /* Preview Assets.xcassets in Resources */,
				F5827F502616A04E00ACD500 /* Assets.xcassets in Resources */,
			);
			runOnlyForDeploymentPostprocessing = 0;
		};
/* End PBXResourcesBuildPhase section */

/* Begin PBXSourcesBuildPhase section */
		F5827F442616A04300ACD500 /* Sources */ = {
			isa = PBXSourcesBuildPhase;
			buildActionMask = 2147483647;
			files = (
				F5827F552616A04E00ACD500 /* Persistence.swift in Sources */,
				F57701F1262B5B7D00F0D2C3 /* SettingsView.swift in Sources */,
				F5827F4E2616A04300ACD500 /* ContentView.swift in Sources */,
				F5827F612617677E00ACD500 /* Card.swift in Sources */,
				F5827F67261BE99C00ACD500 /* EditCards.swift in Sources */,
				F5827F4C2616A04300ACD500 /* Flashzilla_swiftApp.swift in Sources */,
				F5827F64261767C300ACD500 /* CardView.swift in Sources */,
				F5827F582616A04E00ACD500 /* Flashzilla_swift.xcdatamodeld in Sources */,
			);
			runOnlyForDeploymentPostprocessing = 0;
		};
/* End PBXSourcesBuildPhase section */

/* Begin XCBuildConfiguration section */
		F5827F5A2616A04F00ACD500 /* Debug */ = {
			isa = XCBuildConfiguration;
			buildSettings = {
				ALWAYS_SEARCH_USER_PATHS = NO;
				CLANG_ANALYZER_NONNULL = YES;
				CLANG_ANALYZER_NUMBER_OBJECT_CONVERSION = YES_AGGRESSIVE;
				CLANG_CXX_LANGUAGE_STANDARD = "gnu++14";
				CLANG_CXX_LIBRARY = "libc++";
				CLANG_ENABLE_MODULES = YES;
				CLANG_ENABLE_OBJC_ARC = YES;
				CLANG_ENABLE_OBJC_WEAK = YES;
				CLANG_WARN_BLOCK_CAPTURE_AUTORELEASING = YES;
				CLANG_WARN_BOOL_CONVERSION = YES;
				CLANG_WARN_COMMA = YES;
				CLANG_WARN_CONSTANT_CONVERSION = YES;
				CLANG_WARN_DEPRECATED_OBJC_IMPLEMENTATIONS = YES;
				CLANG_WARN_DIRECT_OBJC_ISA_USAGE = YES_ERROR;
				CLANG_WARN_DOCUMENTATION_COMMENTS = YES;
				CLANG_WARN_EMPTY_BODY = YES;
				CLANG_WARN_ENUM_CONVERSION = YES;
				CLANG_WARN_INFINITE_RECURSION = YES;
				CLANG_WARN_INT_CONVERSION = YES;
				CLANG_WARN_NON_LITERAL_NULL_CONVERSION = YES;
				CLANG_WARN_OBJC_IMPLICIT_RETAIN_SELF = YES;
				CLANG_WARN_OBJC_LITERAL_CONVERSION = YES;
				CLANG_WARN_OBJC_ROOT_CLASS = YES_ERROR;
				CLANG_WARN_QUOTED_INCLUDE_IN_FRAMEWORK_HEADER = YES;
				CLANG_WARN_RANGE_LOOP_ANALYSIS = YES;
				CLANG_WARN_STRICT_PROTOTYPES = YES;
				CLANG_WARN_SUSPICIOUS_MOVE = YES;
				CLANG_WARN_UNGUARDED_AVAILABILITY = YES_AGGRESSIVE;
				CLANG_WARN_UNREACHABLE_CODE = YES;
				CLANG_WARN__DUPLICATE_METHOD_MATCH = YES;
				COPY_PHASE_STRIP = NO;
				DEBUG_INFORMATION_FORMAT = dwarf;
				ENABLE_STRICT_OBJC_MSGSEND = YES;
				ENABLE_TESTABILITY = YES;
				GCC_C_LANGUAGE_STANDARD = gnu11;
				GCC_DYNAMIC_NO_PIC = NO;
				GCC_NO_COMMON_BLOCKS = YES;
				GCC_OPTIMIZATION_LEVEL = 0;
				GCC_PREPROCESSOR_DEFINITIONS = (
					"DEBUG=1",
					"$(inherited)",
				);
				GCC_WARN_64_TO_32_BIT_CONVERSION = YES;
				GCC_WARN_ABOUT_RETURN_TYPE = YES_ERROR;
				GCC_WARN_UNDECLARED_SELECTOR = YES;
				GCC_WARN_UNINITIALIZED_AUTOS = YES_AGGRESSIVE;
				GCC_WARN_UNUSED_FUNCTION = YES;
				GCC_WARN_UNUSED_VARIABLE = YES;
				IPHONEOS_DEPLOYMENT_TARGET = 14.4;
				MTL_ENABLE_DEBUG_INFO = INCLUDE_SOURCE;
				MTL_FAST_MATH = YES;
				ONLY_ACTIVE_ARCH = YES;
				SDKROOT = iphoneos;
				SWIFT_ACTIVE_COMPILATION_CONDITIONS = DEBUG;
				SWIFT_OPTIMIZATION_LEVEL = "-Onone";
			};
			name = Debug;
		};
		F5827F5B2616A04F00ACD500 /* Release */ = {
			isa = XCBuildConfiguration;
			buildSettings = {
				ALWAYS_SEARCH_USER_PATHS = NO;
				CLANG_ANALYZER_NONNULL = YES;
				CLANG_ANALYZER_NUMBER_OBJECT_CONVERSION = YES_AGGRESSIVE;
				CLANG_CXX_LANGUAGE_STANDARD = "gnu++14";
				CLANG_CXX_LIBRARY = "libc++";
				CLANG_ENABLE_MODULES = YES;
				CLANG_ENABLE_OBJC_ARC = YES;
				CLANG_ENABLE_OBJC_WEAK = YES;
				CLANG_WARN_BLOCK_CAPTURE_AUTORELEASING = YES;
				CLANG_WARN_BOOL_CONVERSION = YES;
				CLANG_WARN_COMMA = YES;
				CLANG_WARN_CONSTANT_CONVERSION = YES;
				CLANG_WARN_DEPRECATED_OBJC_IMPLEMENTATIONS = YES;
				CLANG_WARN_DIRECT_OBJC_ISA_USAGE = YES_ERROR;
				CLANG_WARN_DOCUMENTATION_COMMENTS = YES;
				CLANG_WARN_EMPTY_BODY = YES;
				CLANG_WARN_ENUM_CONVERSION = YES;
				CLANG_WARN_INFINITE_RECURSION = YES;
				CLANG_WARN_INT_CONVERSION = YES;
				CLANG_WARN_NON_LITERAL_NULL_CONVERSION = YES;
				CLANG_WARN_OBJC_IMPLICIT_RETAIN_SELF = YES;
				CLANG_WARN_OBJC_LITERAL_CONVERSION = YES;
				CLANG_WARN_OBJC_ROOT_CLASS = YES_ERROR;
				CLANG_WARN_QUOTED_INCLUDE_IN_FRAMEWORK_HEADER = YES;
				CLANG_WARN_RANGE_LOOP_ANALYSIS = YES;
				CLANG_WARN_STRICT_PROTOTYPES = YES;
				CLANG_WARN_SUSPICIOUS_MOVE = YES;
				CLANG_WARN_UNGUARDED_AVAILABILITY = YES_AGGRESSIVE;
				CLANG_WARN_UNREACHABLE_CODE = YES;
				CLANG_WARN__DUPLICATE_METHOD_MATCH = YES;
				COPY_PHASE_STRIP = NO;
				DEBUG_INFORMATION_FORMAT = "dwarf-with-dsym";
				ENABLE_NS_ASSERTIONS = NO;
				ENABLE_STRICT_OBJC_MSGSEND = YES;
				GCC_C_LANGUAGE_STANDARD = gnu11;
				GCC_NO_COMMON_BLOCKS = YES;
				GCC_WARN_64_TO_32_BIT_CONVERSION = YES;
				GCC_WARN_ABOUT_RETURN_TYPE = YES_ERROR;
				GCC_WARN_UNDECLARED_SELECTOR = YES;
				GCC_WARN_UNINITIALIZED_AUTOS = YES_AGGRESSIVE;
				GCC_WARN_UNUSED_FUNCTION = YES;
				GCC_WARN_UNUSED_VARIABLE = YES;
				IPHONEOS_DEPLOYMENT_TARGET = 14.4;
				MTL_ENABLE_DEBUG_INFO = NO;
				MTL_FAST_MATH = YES;
				SDKROOT = iphoneos;
				SWIFT_COMPILATION_MODE = wholemodule;
				SWIFT_OPTIMIZATION_LEVEL = "-O";
				VALIDATE_PRODUCT = YES;
			};
			name = Release;
		};
		F5827F5D2616A04F00ACD500 /* Debug */ = {
			isa = XCBuildConfiguration;
			buildSettings = {
				ASSETCATALOG_COMPILER_APPICON_NAME = AppIcon;
				ASSETCATALOG_COMPILER_GLOBAL_ACCENT_COLOR_NAME = AccentColor;
				CODE_SIGN_STYLE = Automatic;
				DEVELOPMENT_ASSET_PATHS = "\"Flashzilla.swift/Preview Content\"";
				ENABLE_PREVIEWS = YES;
				INFOPLIST_FILE = Flashzilla.swift/Info.plist;
				IPHONEOS_DEPLOYMENT_TARGET = 14.0;
				LD_RUNPATH_SEARCH_PATHS = (
					"$(inherited)",
					"@executable_path/Frameworks",
				);
				PRODUCT_BUNDLE_IDENTIFIER = "com..Flashzilla-swift";
				PRODUCT_NAME = "$(TARGET_NAME)";
				SWIFT_VERSION = 5.0;
				TARGETED_DEVICE_FAMILY = "1,2";
			};
			name = Debug;
		};
		F5827F5E2616A04F00ACD500 /* Release */ = {
			isa = XCBuildConfiguration;
			buildSettings = {
				ASSETCATALOG_COMPILER_APPICON_NAME = AppIcon;
				ASSETCATALOG_COMPILER_GLOBAL_ACCENT_COLOR_NAME = AccentColor;
				CODE_SIGN_STYLE = Automatic;
				DEVELOPMENT_ASSET_PATHS = "\"Flashzilla.swift/Preview Content\"";
				ENABLE_PREVIEWS = YES;
				INFOPLIST_FILE = Flashzilla.swift/Info.plist;
				IPHONEOS_DEPLOYMENT_TARGET = 14.0;
				LD_RUNPATH_SEARCH_PATHS = (
					"$(inherited)",
					"@executable_path/Frameworks",
				);
				PRODUCT_BUNDLE_IDENTIFIER = "com..Flashzilla-swift";
				PRODUCT_NAME = "$(TARGET_NAME)";
				SWIFT_VERSION = 5.0;
				TARGETED_DEVICE_FAMILY = "1,2";
			};
			name = Release;
		};
/* End XCBuildConfiguration section */

/* Begin XCConfigurationList section */
		F5827F432616A04300ACD500 /* Build configuration list for PBXProject "Flashzilla.swift" */ = {
			isa = XCConfigurationList;
			buildConfigurations = (
				F5827F5A2616A04F00ACD500 /* Debug */,
				F5827F5B2616A04F00ACD500 /* Release */,
			);
			defaultConfigurationIsVisible = 0;
			defaultConfigurationName = Release;
		};
		F5827F5C2616A04F00ACD500 /* Build configuration list for PBXNativeTarget "Flashzilla.swift" */ = {
			isa = XCConfigurationList;
			buildConfigurations = (
				F5827F5D2616A04F00ACD500 /* Debug */,
				F5827F5E2616A04F00ACD500 /* Release */,
			);
			defaultConfigurationIsVisible = 0;
			defaultConfigurationName = Release;
		};
/* End XCConfigurationList section */

/* Begin XCVersionGroup section */
		F5827F562616A04E00ACD500 /* Flashzilla_swift.xcdatamodeld */ = {
			isa = XCVersionGroup;
			children = (
				F5827F572616A04E00ACD500 /* Flashzilla_swift.xcdatamodel */,
			);
			currentVersion = F5827F572616A04E00ACD500 /* Flashzilla_swift.xcdatamodel */;
			path = Flashzilla_swift.xcdatamodeld;
			sourceTree = "<group>";
			versionGroupType = wrapper.xcdatamodel;
		};
/* End XCVersionGroup section */
	};
	rootObject = F5827F402616A04200ACD500 /* Project object */;
}
